
Microsoft Visual Studio Solution File, Format Version 12.00
# Visual Studio Version 16
VisualStudioVersion = 16.0.31105.61
MinimumVisualStudioVersion = 10.0.40219.1
Project("{F2A71F9B-5D33-465A-A702-920D77279786}") = "MuSvc", "MuSvc.fsproj", "{A0FB7490-8DD4-46D2-B865-939CAF44F7D3}"
EndProject
Global
	GlobalSection(SolutionConfigurationPlatforms) = preSolution
		Debug|Any CPU = Debug|Any CPU
		Release|Any CPU = Release|Any CPU
	EndGlobalSection
	GlobalSection(ProjectConfigurationPlatforms) = postSolution
		{A0FB7490-8DD4-46D2-B865-939CAF44F7D3}.Debug|Any CPU.ActiveCfg = Debug|Any CPU
		{A0FB7490-8DD4-46D2-B865-939CAF44F7D3}.Debug|Any CPU.Build.0 = Debug|Any CPU
		{A0FB7490-8DD4-46D2-B865-939CAF44F7D3}.Release|Any CPU.ActiveCfg = Release|Any CPU
		{A0FB7490-8DD4-46D2-B865-939CAF44F7D3}.Release|Any CPU.Build.0 = Release|Any CPU
	EndGlobalSection
	GlobalSection(SolutionProperties) = preSolution
		HideSolutionNode = FALSE
	EndGlobalSection
	GlobalSection(ExtensibilityGlobals) = postSolution
		SolutionGuid = {85F2896D-E43F-46B7-B72B-7335AB1E33A0}
	EndGlobalSection
EndGlobal
